{
  "version": 4,
  "terraform_version": "1.5.7",
  "serial": 4,
  "lineage": "106a2ddb-a84e-490c-4d5a-3bc2bbda15d4",
  "outputs": {
    "id": {
      "value": "/subscriptions/fc8dc059-7cef-4161-95ff-20bcc6c2ef99/resourceGroups/final-lab-demo2",
      "type": "string"
    },
    "name": {
      "value": "final-lab-demo2",
      "type": "string"
    }
  },
  "resources": [
    {
      "mode": "managed",
      "type": "azurerm_resource_group",
      "name": "demo2",
      "provider": "provider[\"registry.terraform.io/hashicorp/azurerm\"]",
      "instances": [
        {
          "schema_version": 0,
          "attributes": {
            "id": "/subscriptions/fc8dc059-7cef-4161-95ff-20bcc6c2ef99/resourceGroups/final-lab-demo2",
            "location": "southeastasia",
            "managed_by": "",
            "name": "final-lab-demo2",
            "tags": null,
            "timeouts": null
          },
          "sensitive_attributes": [],
          "private": "eyJlMmJmYjczMC1lY2FhLTExZTYtOGY4OC0zNDM2M2JjN2M0YzAiOnsiY3JlYXRlIjo1NDAwMDAwMDAwMDAwLCJkZWxldGUiOjU0MDAwMDAwMDAwMDAsInJlYWQiOjMwMDAwMDAwMDAwMCwidXBkYXRlIjo1NDAwMDAwMDAwMDAwfX0="
        }
      ]
    }
  ],
  "check_results": null
}
