{
  "version": 4,
  "terraform_version": "1.5.7",
  "serial": 3,
  "lineage": "a48a779d-08a0-eace-fc69-5c2ec59e2f03",
  "outputs": {},
  "resources": [
    {
      "mode": "managed",
      "type": "azurerm_linux_virtual_machine",
      "name": "os_linux_instance",
      "provider": "provider[\"registry.terraform.io/hashicorp/azurerm\"]",
      "instances": [
        {
          "schema_version": 0,
          "attributes": {
            "additional_capabilities": [],
            "admin_password": null,
            "admin_ssh_key": [
              {
                "public_key": "ssh-rsa AAAAB3NzaC1yc2EAAAADAQABAAACAQCewHVBgOjhHwbTSk27le06u2IQwTu4zuoYnMjeWXz1c3RpfLRm5sf+pUbm3aP0H0hgP9QO39QBHEYLJtm+oz+x9OKPTBY/gQmStUY8uRKabCA+E65qiyOC4vHhh+rjGyLxeNVNxd3SIK8XrTb9XzYBn+kQGncxveqyhrzpp3ebkRzSQOheCjXcB4A9jk4aiTqvyMvXEA9dx9sHRXn71wUq5vgqbY76Ed/U7Ozl2CjaAh5zXTs5fN72y3c6vIu/h6aL8PKod8e8b2mETc2wN67l6FaII6TUfrJXySrmtfq3MLFgH6/GMBJgga9iaQgHmNz2ZfjjfvUR6RzHE+5HNtPVfzA+nP8z3RPdf+hBm5jptCFBAesIn0bBH7+l0VbkE6/0kXotT0Sv0wP+m62OGUMqsM6UEt6406EJlYNFeDFo/623/+7QSmgMTLoW7Y0rzsz68WvxcLsofsEl/MAAkq8byxCnducfASlSOA2Eh/0Bkf4C2X/ujr/xCH/O2xgZ+WtKXM47Xwu3yB1HfHg1FEWvG+NAbMGnuRBKqiT7Uxh5HfHKLwW77Sjj9uQmz1n+f5xNnfpF3kQ6a1geQb8TB+9MdObEFR08Azmkh9vWBdxyaaQvUjBrjrkrQyqxiIvIRatlzMqQwCHCjd7uTcP9xYP1WrcYGNo3PD5kLPald1weOQ== fmasm@DESKTOP-I2AJFEE\r\n",
                "username": "adminuser"
              }
            ],
            "admin_username": "adminuser",
            "allow_extension_operations": true,
            "availability_set_id": "",
            "boot_diagnostics": [],
            "bypass_platform_safety_checks_on_user_schedule_enabled": false,
            "capacity_reservation_group_id": "",
            "computer_name": "final-lab-linuxvm-module",
            "custom_data": null,
            "dedicated_host_group_id": "",
            "dedicated_host_id": "",
            "disable_password_authentication": true,
            "edge_zone": "",
            "encryption_at_host_enabled": false,
            "eviction_policy": "",
            "extensions_time_budget": "PT1H30M",
            "gallery_application": [],
            "id": "/subscriptions/fc8dc059-7cef-4161-95ff-20bcc6c2ef99/resourceGroups/final-lab-demo2/providers/Microsoft.Compute/virtualMachines/final-lab-linuxvm-module",
            "identity": [],
            "license_type": "",
            "location": "southeastasia",
            "max_bid_price": -1,
            "name": "final-lab-linuxvm-module",
            "network_interface_ids": [
              "/subscriptions/fc8dc059-7cef-4161-95ff-20bcc6c2ef99/resourceGroups/final-lab-demo2/providers/Microsoft.Network/networkInterfaces/final-lab-linux-instance1"
            ],
            "os_disk": [
              {
                "caching": "ReadWrite",
                "diff_disk_settings": [],
                "disk_encryption_set_id": "",
                "disk_size_gb": 30,
                "name": "myosdisk1",
                "secure_vm_disk_encryption_set_id": "",
                "security_encryption_type": "",
                "storage_account_type": "Standard_LRS",
                "write_accelerator_enabled": false
              }
            ],
            "patch_assessment_mode": "ImageDefault",
            "patch_mode": "ImageDefault",
            "plan": [],
            "platform_fault_domain": -1,
            "priority": "Regular",
            "private_ip_address": "10.0.2.4",
            "private_ip_addresses": [
              "10.0.2.4"
            ],
            "provision_vm_agent": true,
            "proximity_placement_group_id": "",
            "public_ip_address": "20.24.43.61",
            "public_ip_addresses": [
              "20.24.43.61"
            ],
            "reboot_setting": "",
            "resource_group_name": "final-lab-demo2",
            "secret": [],
            "secure_boot_enabled": false,
            "size": "Standard_B1s",
            "source_image_id": "",
            "source_image_reference": [
              {
                "offer": "0001-com-ubuntu-server-jammy",
                "publisher": "Canonical",
                "sku": "22_04-lts-gen2",
                "version": "latest"
              }
            ],
            "tags": null,
            "termination_notification": null,
            "timeouts": null,
            "user_data": "",
            "virtual_machine_id": "7ddc85d3-24a8-44ef-81e3-ee6f8f8128ea",
            "virtual_machine_scale_set_id": "",
            "vtpm_enabled": false,
            "zone": ""
          },
          "sensitive_attributes": [],
          "private": "eyJlMmJmYjczMC1lY2FhLTExZTYtOGY4OC0zNDM2M2JjN2M0YzAiOnsiY3JlYXRlIjoyNzAwMDAwMDAwMDAwLCJkZWxldGUiOjI3MDAwMDAwMDAwMDAsInJlYWQiOjMwMDAwMDAwMDAwMCwidXBkYXRlIjoyNzAwMDAwMDAwMDAwfX0="
        }
      ]
    }
  ],
  "check_results": null
}
